// !$*UTF8*$!
{
	archiveVersion = 1;
	classes = {
	};
	objectVersion = 50;
	objects = {

/* Begin PBXBuildFile section */
		390907A926E927B20036A4B1 /* AppDelegate.swift in Sources */ = {isa = PBXBuildFile; fileRef = 390907A826E927B20036A4B1 /* AppDelegate.swift */; };
		390907B226E927B30036A4B1 /* Assets.xcassets in Resources */ = {isa = PBXBuildFile; fileRef = 390907B126E927B30036A4B1 /* Assets.xcassets */; };
		390907B526E927B30036A4B1 /* LaunchScreen.storyboard in Resources */ = {isa = PBXBuildFile; fileRef = 390907B326E927B30036A4B1 /* LaunchScreen.storyboard */; };
		390907C026E927B30036A4B1 /* MVCTests.swift in Sources */ = {isa = PBXBuildFile; fileRef = 390907BF26E927B30036A4B1 /* MVCTests.swift */; };
		390907CB26E927B30036A4B1 /* MVCUITests.swift in Sources */ = {isa = PBXBuildFile; fileRef = 390907CA26E927B30036A4B1 /* MVCUITests.swift */; };
		390907DC26E92E800036A4B1 /* HomeVC.swift in Sources */ = {isa = PBXBuildFile; fileRef = 390907DB26E92E800036A4B1 /* HomeVC.swift */; };
		390907DE26E92F960036A4B1 /* HelpVC.swift in Sources */ = {isa = PBXBuildFile; fileRef = 390907DD26E92F960036A4B1 /* HelpVC.swift */; };
/* End PBXBuildFile section */

/* Begin PBXContainerItemProxy section */
		390907BC26E927B30036A4B1 /* PBXContainerItemProxy */ = {
			isa = PBXContainerItemProxy;
			containerPortal = 3909079D26E927B20036A4B1 /* Project object */;
			proxyType = 1;
			remoteGlobalIDString = 390907A426E927B20036A4B1;
			remoteInfo = MVC;
		};
		390907C726E927B30036A4B1 /* PBXContainerItemProxy */ = {
			isa = PBXContainerItemProxy;
			containerPortal = 3909079D26E927B20036A4B1 /* Project object */;
			proxyType = 1;
			remoteGlobalIDString = 390907A426E927B20036A4B1;
			remoteInfo = MVC;
		};
/* End PBXContainerItemProxy section */

/* Begin PBXFileReference section */
		390907A526E927B20036A4B1 /* MVC.app */ = {isa = PBXFileReference; explicitFileType = wrapper.application; includeInIndex = 0; path = MVC.app; sourceTree = BUILT_PRODUCTS_DIR; };
		390907A826E927B20036A4B1 /* AppDelegate.swift */ = {isa = PBXFileReference; lastKnownFileType = sourcecode.swift; path = AppDelegate.swift; sourceTree = "<group>"; };
		390907B126E927B30036A4B1 /* Assets.xcassets */ = {isa = PBXFileReference; lastKnownFileType = folder.assetcatalog; path = Assets.xcassets; sourceTree = "<group>"; };
		390907B426E927B30036A4B1 /* Base */ = {isa = PBXFileReference; lastKnownFileType = file.storyboard; name = Base; path = Base.lproj/LaunchScreen.storyboard; sourceTree = "<group>"; };
		390907B626E927B30036A4B1 /* Info.plist */ = {isa = PBXFileReference; lastKnownFileType = text.plist.xml; path = Info.plist; sourceTree = "<group>"; };
		390907BB26E927B30036A4B1 /* MVCTests.xctest */ = {isa = PBXFileReference; explicitFileType = wrapper.cfbundle; includeInIndex = 0; path = MVCTests.xctest; sourceTree = BUILT_PRODUCTS_DIR; };
		390907BF26E927B30036A4B1 /* MVCTests.swift */ = {isa = PBXFileReference; lastKnownFileType = sourcecode.swift; path = MVCTests.swift; sourceTree = "<group>"; };
		390907C126E927B30036A4B1 /* Info.plist */ = {isa = PBXFileReference; lastKnownFileType = text.plist.xml; path = Info.plist; sourceTree = "<group>"; };
		390907C626E927B30036A4B1 /* MVCUITests.xctest */ = {isa = PBXFileReference; explicitFileType = wrapper.cfbundle; includeInIndex = 0; path = MVCUITests.xctest; sourceTree = BUILT_PRODUCTS_DIR; };
		390907CA26E927B30036A4B1 /* MVCUITests.swift */ = {isa = PBXFileReference; lastKnownFileType = sourcecode.swift; path = MVCUITests.swift; sourceTree = "<group>"; };
		390907CC26E927B30036A4B1 /* Info.plist */ = {isa = PBXFileReference; lastKnownFileType = text.plist.xml; path = Info.plist; sourceTree = "<group>"; };
		390907DB26E92E800036A4B1 /* HomeVC.swift */ = {isa = PBXFileReference; lastKnownFileType = sourcecode.swift; path = HomeVC.swift; sourceTree = "<group>"; };
		390907DD26E92F960036A4B1 /* HelpVC.swift */ = {isa = PBXFileReference; lastKnownFileType = sourcecode.swift; path = HelpVC.swift; sourceTree = "<group>"; };
/* End PBXFileReference section */

/* Begin PBXFrameworksBuildPhase section */
		390907A226E927B20036A4B1 /* Frameworks */ = {
			isa = PBXFrameworksBuildPhase;
			buildActionMask = 2147483647;
			files = (
			);
			runOnlyForDeploymentPostprocessing = 0;
		};
		390907B826E927B30036A4B1 /* Frameworks */ = {
			isa = PBXFrameworksBuildPhase;
			buildActionMask = 2147483647;
			files = (
			);
			runOnlyForDeploymentPostprocessing = 0;
		};
		390907C326E927B30036A4B1 /* Frameworks */ = {
			isa = PBXFrameworksBuildPhase;
			buildActionMask = 2147483647;
			files = (
			);
			runOnlyForDeploymentPostprocessing = 0;
		};
/* End PBXFrameworksBuildPhase section */

/* Begin PBXGroup section */
		3909079C26E927B20036A4B1 = {
			isa = PBXGroup;
			children = (
				390907A726E927B20036A4B1 /* MVC */,
				390907BE26E927B30036A4B1 /* MVCTests */,
				390907C926E927B30036A4B1 /* MVCUITests */,
				390907A626E927B20036A4B1 /* Products */,
			);
			sourceTree = "<group>";
		};
		390907A626E927B20036A4B1 /* Products */ = {
			isa = PBXGroup;
			children = (
				390907A526E927B20036A4B1 /* MVC.app */,
				390907BB26E927B30036A4B1 /* MVCTests.xctest */,
				390907C626E927B30036A4B1 /* MVCUITests.xctest */,
			);
			name = Products;
			sourceTree = "<group>";
		};
		390907A726E927B20036A4B1 /* MVC */ = {
			isa = PBXGroup;
			children = (
				390907DA26E92E170036A4B1 /* Views */,
				390907D926E92E090036A4B1 /* Models */,
				390907D826E92DFA0036A4B1 /* Controllers */,
				390907A826E927B20036A4B1 /* AppDelegate.swift */,
				390907B126E927B30036A4B1 /* Assets.xcassets */,
				390907B326E927B30036A4B1 /* LaunchScreen.storyboard */,
				390907B626E927B30036A4B1 /* Info.plist */,
			);
			path = MVC;
			sourceTree = "<group>";
		};
		390907BE26E927B30036A4B1 /* MVCTests */ = {
			isa = PBXGroup;
			children = (
				390907BF26E927B30036A4B1 /* MVCTests.swift */,
				390907C126E927B30036A4B1 /* Info.plist */,
			);
			path = MVCTests;
			sourceTree = "<group>";
		};
		390907C926E927B30036A4B1 /* MVCUITests */ = {
			isa = PBXGroup;
			children = (
				390907CA26E927B30036A4B1 /* MVCUITests.swift */,
				390907CC26E927B30036A4B1 /* Info.plist */,
			);
			path = MVCUITests;
			sourceTree = "<group>";
		};
		390907D826E92DFA0036A4B1 /* Controllers */ = {
			isa = PBXGroup;
			children = (
				390907DB26E92E800036A4B1 /* HomeVC.swift */,
				390907DD26E92F960036A4B1 /* HelpVC.swift */,
			);
			path = Controllers;
			sourceTree = "<group>";
		};
		390907D926E92E090036A4B1 /* Models */ = {
			isa = PBXGroup;
			children = (
			);
			path = Models;
			sourceTree = "<group>";
		};
		390907DA26E92E170036A4B1 /* Views */ = {
			isa = PBXGroup;
			children = (
			);
			path = Views;
			sourceTree = "<group>";
		};
/* End PBXGroup section */

/* Begin PBXNativeTarget section */
		390907A426E927B20036A4B1 /* MVC */ = {
			isa = PBXNativeTarget;
			buildConfigurationList = 390907CF26E927B30036A4B1 /* Build configuration list for PBXNativeTarget "MVC" */;
			buildPhases = (
				390907A126E927B20036A4B1 /* Sources */,
				390907A226E927B20036A4B1 /* Frameworks */,
				390907A326E927B20036A4B1 /* Resources */,
			);
			buildRules = (
			);
			dependencies = (
			);
			name = MVC;
			productName = MVC;
			productReference = 390907A526E927B20036A4B1 /* MVC.app */;
			productType = "com.apple.product-type.application";
		};
		390907BA26E927B30036A4B1 /* MVCTests */ = {
			isa = PBXNativeTarget;
			buildConfigurationList = 390907D226E927B30036A4B1 /* Build configuration list for PBXNativeTarget "MVCTests" */;
			buildPhases = (
				390907B726E927B30036A4B1 /* Sources */,
				390907B826E927B30036A4B1 /* Frameworks */,
				390907B926E927B30036A4B1 /* Resources */,
			);
			buildRules = (
			);
			dependencies = (
				390907BD26E927B30036A4B1 /* PBXTargetDependency */,
			);
			name = MVCTests;
			productName = MVCTests;
			productReference = 390907BB26E927B30036A4B1 /* MVCTests.xctest */;
			productType = "com.apple.product-type.bundle.unit-test";
		};
		390907C526E927B30036A4B1 /* MVCUITests */ = {
			isa = PBXNativeTarget;
			buildConfigurationList = 390907D526E927B30036A4B1 /* Build configuration list for PBXNativeTarget "MVCUITests" */;
			buildPhases = (
				390907C226E927B30036A4B1 /* Sources */,
				390907C326E927B30036A4B1 /* Frameworks */,
				390907C426E927B30036A4B1 /* Resources */,
			);
			buildRules = (
			);
			dependencies = (
				390907C826E927B30036A4B1 /* PBXTargetDependency */,
			);
			name = MVCUITests;
			productName = MVCUITests;
			productReference = 390907C626E927B30036A4B1 /* MVCUITests.xctest */;
			productType = "com.apple.product-type.bundle.ui-testing";
		};
/* End PBXNativeTarget section */

/* Begin PBXProject section */
		3909079D26E927B20036A4B1 /* Project object */ = {
			isa = PBXProject;
			attributes = {
				LastSwiftUpdateCheck = 1250;
				LastUpgradeCheck = 1250;
				TargetAttributes = {
					390907A426E927B20036A4B1 = {
						CreatedOnToolsVersion = 12.5.1;
					};
					390907BA26E927B30036A4B1 = {
						CreatedOnToolsVersion = 12.5.1;
						TestTargetID = 390907A426E927B20036A4B1;
					};
					390907C526E927B30036A4B1 = {
						CreatedOnToolsVersion = 12.5.1;
						TestTargetID = 390907A426E927B20036A4B1;
					};
				};
			};
			buildConfigurationList = 390907A026E927B20036A4B1 /* Build configuration list for PBXProject "MVC" */;
			compatibilityVersion = "Xcode 9.3";
			developmentRegion = en;
			hasScannedForEncodings = 0;
			knownRegions = (
				en,
				Base,
			);
			mainGroup = 3909079C26E927B20036A4B1;
			productRefGroup = 390907A626E927B20036A4B1 /* Products */;
			projectDirPath = "";
			projectRoot = "";
			targets = (
				390907A426E927B20036A4B1 /* MVC */,
				390907BA26E927B30036A4B1 /* MVCTests */,
				390907C526E927B30036A4B1 /* MVCUITests */,
			);
		};
/* End PBXProject section */

/* Begin PBXResourcesBuildPhase section */
		390907A326E927B20036A4B1 /* Resources */ = {
			isa = PBXResourcesBuildPhase;
			buildActionMask = 2147483647;
			files = (
				390907B526E927B30036A4B1 /* LaunchScreen.storyboard in Resources */,
				390907B226E927B30036A4B1 /* Assets.xcassets in Resources */,
			);
			runOnlyForDeploymentPostprocessing = 0;
		};
		390907B926E927B30036A4B1 /* Resources */ = {
			isa = PBXResourcesBuildPhase;
			buildActionMask = 2147483647;
			files = (
			);
			runOnlyForDeploymentPostprocessing = 0;
		};
		390907C426E927B30036A4B1 /* Resources */ = {
			isa = PBXResourcesBuildPhase;
			buildActionMask = 2147483647;
			files = (
			);
			runOnlyForDeploymentPostprocessing = 0;
		};
/* End PBXResourcesBuildPhase section */

/* Begin PBXSourcesBuildPhase section */
		390907A126E927B20036A4B1 /* Sources */ = {
			isa = PBXSourcesBuildPhase;
			buildActionMask = 2147483647;
			files = (
				390907DE26E92F960036A4B1 /* HelpVC.swift in Sources */,
				390907A926E927B20036A4B1 /* AppDelegate.swift in Sources */,
				390907DC26E92E800036A4B1 /* HomeVC.swift in Sources */,
			);
			runOnlyForDeploymentPostprocessing = 0;
		};
		390907B726E927B30036A4B1 /* Sources */ = {
			isa = PBXSourcesBuildPhase;
			buildActionMask = 2147483647;
			files = (
				390907C026E927B30036A4B1 /* MVCTests.swift in Sources */,
			);
			runOnlyForDeploymentPostprocessing = 0;
		};
		390907C226E927B30036A4B1 /* Sources */ = {
			isa = PBXSourcesBuildPhase;
			buildActionMask = 2147483647;
			files = (
				390907CB26E927B30036A4B1 /* MVCUITests.swift in Sources */,
			);
			runOnlyForDeploymentPostprocessing = 0;
		};
/* End PBXSourcesBuildPhase section */

/* Begin PBXTargetDependency section */
		390907BD26E927B30036A4B1 /* PBXTargetDependency */ = {
			isa = PBXTargetDependency;
			target = 390907A426E927B20036A4B1 /* MVC */;
			targetProxy = 390907BC26E927B30036A4B1 /* PBXContainerItemProxy */;
		};
		390907C826E927B30036A4B1 /* PBXTargetDependency */ = {
			isa = PBXTargetDependency;
			target = 390907A426E927B20036A4B1 /* MVC */;
			targetProxy = 390907C726E927B30036A4B1 /* PBXContainerItemProxy */;
		};
/* End PBXTargetDependency section */

/* Begin PBXVariantGroup section */
		390907B326E927B30036A4B1 /* LaunchScreen.storyboard */ = {
			isa = PBXVariantGroup;
			children = (
				390907B426E927B30036A4B1 /* Base */,
			);
			name = LaunchScreen.storyboard;
			sourceTree = "<group>";
		};
/* End PBXVariantGroup section */

/* Begin XCBuildConfiguration section */
		390907CD26E927B30036A4B1 /* Debug */ = {
			isa = XCBuildConfiguration;
			buildSettings = {
				ALWAYS_SEARCH_USER_PATHS = NO;
				CLANG_ANALYZER_NONNULL = YES;
				CLANG_ANALYZER_NUMBER_OBJECT_CONVERSION = YES_AGGRESSIVE;
				CLANG_CXX_LANGUAGE_STANDARD = "gnu++14";
				CLANG_CXX_LIBRARY = "libc++";
				CLANG_ENABLE_MODULES = YES;
				CLANG_ENABLE_OBJC_ARC = YES;
				CLANG_ENABLE_OBJC_WEAK = YES;
				CLANG_WARN_BLOCK_CAPTURE_AUTORELEASING = YES;
				CLANG_WARN_BOOL_CONVERSION = YES;
				CLANG_WARN_COMMA = YES;
				CLANG_WARN_CONSTANT_CONVERSION = YES;
				CLANG_WARN_DEPRECATED_OBJC_IMPLEMENTATIONS = YES;
				CLANG_WARN_DIRECT_OBJC_ISA_USAGE = YES_ERROR;
				CLANG_WARN_DOCUMENTATION_COMMENTS = YES;
				CLANG_WARN_EMPTY_BODY = YES;
				CLANG_WARN_ENUM_CONVERSION = YES;
				CLANG_WARN_INFINITE_RECURSION = YES;
				CLANG_WARN_INT_CONVERSION = YES;
				CLANG_WARN_NON_LITERAL_NULL_CONVERSION = YES;
				CLANG_WARN_OBJC_IMPLICIT_RETAIN_SELF = YES;
				CLANG_WARN_OBJC_LITERAL_CONVERSION = YES;
				CLANG_WARN_OBJC_ROOT_CLASS = YES_ERROR;
				CLANG_WARN_QUOTED_INCLUDE_IN_FRAMEWORK_HEADER = YES;
				CLANG_WARN_RANGE_LOOP_ANALYSIS = YES;
				CLANG_WARN_STRICT_PROTOTYPES = YES;
				CLANG_WARN_SUSPICIOUS_MOVE = YES;
				CLANG_WARN_UNGUARDED_AVAILABILITY = YES_AGGRESSIVE;
				CLANG_WARN_UNREACHABLE_CODE = YES;
				CLANG_WARN__DUPLICATE_METHOD_MATCH = YES;
				COPY_PHASE_STRIP = NO;
				DEBUG_INFORMATION_FORMAT = dwarf;
				ENABLE_STRICT_OBJC_MSGSEND = YES;
				ENABLE_TESTABILITY = YES;
				GCC_C_LANGUAGE_STANDARD = gnu11;
				GCC_DYNAMIC_NO_PIC = NO;
				GCC_NO_COMMON_BLOCKS = YES;
				GCC_OPTIMIZATION_LEVEL = 0;
				GCC_PREPROCESSOR_DEFINITIONS = (
					"DEBUG=1",
					"$(inherited)",
				);
				GCC_WARN_64_TO_32_BIT_CONVERSION = YES;
				GCC_WARN_ABOUT_RETURN_TYPE = YES_ERROR;
				GCC_WARN_UNDECLARED_SELECTOR = YES;
				GCC_WARN_UNINITIALIZED_AUTOS = YES_AGGRESSIVE;
				GCC_WARN_UNUSED_FUNCTION = YES;
				GCC_WARN_UNUSED_VARIABLE = YES;
				IPHONEOS_DEPLOYMENT_TARGET = 14.5;
				MTL_ENABLE_DEBUG_INFO = INCLUDE_SOURCE;
				MTL_FAST_MATH = YES;
				ONLY_ACTIVE_ARCH = YES;
				SDKROOT = iphoneos;
				SWIFT_ACTIVE_COMPILATION_CONDITIONS = DEBUG;
				SWIFT_OPTIMIZATION_LEVEL = "-Onone";
			};
			name = Debug;
		};
		390907CE26E927B30036A4B1 /* Release */ = {
			isa = XCBuildConfiguration;
			buildSettings = {
				ALWAYS_SEARCH_USER_PATHS = NO;
				CLANG_ANALYZER_NONNULL = YES;
				CLANG_ANALYZER_NUMBER_OBJECT_CONVERSION = YES_AGGRESSIVE;
				CLANG_CXX_LANGUAGE_STANDARD = "gnu++14";
				CLANG_CXX_LIBRARY = "libc++";
				CLANG_ENABLE_MODULES = YES;
				CLANG_ENABLE_OBJC_ARC = YES;
				CLANG_ENABLE_OBJC_WEAK = YES;
				CLANG_WARN_BLOCK_CAPTURE_AUTORELEASING = YES;
				CLANG_WARN_BOOL_CONVERSION = YES;
				CLANG_WARN_COMMA = YES;
				CLANG_WARN_CONSTANT_CONVERSION = YES;
				CLANG_WARN_DEPRECATED_OBJC_IMPLEMENTATIONS = YES;
				CLANG_WARN_DIRECT_OBJC_ISA_USAGE = YES_ERROR;
				CLANG_WARN_DOCUMENTATION_COMMENTS = YES;
				CLANG_WARN_EMPTY_BODY = YES;
				CLANG_WARN_ENUM_CONVERSION = YES;
				CLANG_WARN_INFINITE_RECURSION = YES;
				CLANG_WARN_INT_CONVERSION = YES;
				CLANG_WARN_NON_LITERAL_NULL_CONVERSION = YES;
				CLANG_WARN_OBJC_IMPLICIT_RETAIN_SELF = YES;
				CLANG_WARN_OBJC_LITERAL_CONVERSION = YES;
				CLANG_WARN_OBJC_ROOT_CLASS = YES_ERROR;
				CLANG_WARN_QUOTED_INCLUDE_IN_FRAMEWORK_HEADER = YES;
				CLANG_WARN_RANGE_LOOP_ANALYSIS = YES;
				CLANG_WARN_STRICT_PROTOTYPES = YES;
				CLANG_WARN_SUSPICIOUS_MOVE = YES;
				CLANG_WARN_UNGUARDED_AVAILABILITY = YES_AGGRESSIVE;
				CLANG_WARN_UNREACHABLE_CODE = YES;
				CLANG_WARN__DUPLICATE_METHOD_MATCH = YES;
				COPY_PHASE_STRIP = NO;
				DEBUG_INFORMATION_FORMAT = "dwarf-with-dsym";
				ENABLE_NS_ASSERTIONS = NO;
				ENABLE_STRICT_OBJC_MSGSEND = YES;
				GCC_C_LANGUAGE_STANDARD = gnu11;
				GCC_NO_COMMON_BLOCKS = YES;
				GCC_WARN_64_TO_32_BIT_CONVERSION = YES;
				GCC_WARN_ABOUT_RETURN_TYPE = YES_ERROR;
				GCC_WARN_UNDECLARED_SELECTOR = YES;
				GCC_WARN_UNINITIALIZED_AUTOS = YES_AGGRESSIVE;
				GCC_WARN_UNUSED_FUNCTION = YES;
				GCC_WARN_UNUSED_VARIABLE = YES;
				IPHONEOS_DEPLOYMENT_TARGET = 14.5;
				MTL_ENABLE_DEBUG_INFO = NO;
				MTL_FAST_MATH = YES;
				SDKROOT = iphoneos;
				SWIFT_COMPILATION_MODE = wholemodule;
				SWIFT_OPTIMIZATION_LEVEL = "-O";
				VALIDATE_PRODUCT = YES;
			};
			name = Release;
		};
		390907D026E927B30036A4B1 /* Debug */ = {
			isa = XCBuildConfiguration;
			buildSettings = {
				ASSETCATALOG_COMPILER_APPICON_NAME = AppIcon;
				ASSETCATALOG_COMPILER_GLOBAL_ACCENT_COLOR_NAME = AccentColor;
				CODE_SIGN_STYLE = Automatic;
				DEVELOPMENT_TEAM = 8VP7C93QX7;
				INFOPLIST_FILE = MVC/Info.plist;
				LD_RUNPATH_SEARCH_PATHS = (
					"$(inherited)",
					"@executable_path/Frameworks",
				);
				PRODUCT_BUNDLE_IDENTIFIER = com.fernandobelen.MVC;
				PRODUCT_NAME = "$(TARGET_NAME)";
				SWIFT_VERSION = 5.0;
				TARGETED_DEVICE_FAMILY = "1,2";
			};
			name = Debug;
		};
		390907D126E927B30036A4B1 /* Release */ = {
			isa = XCBuildConfiguration;
			buildSettings = {
				ASSETCATALOG_COMPILER_APPICON_NAME = AppIcon;
				ASSETCATALOG_COMPILER_GLOBAL_ACCENT_COLOR_NAME = AccentColor;
				CODE_SIGN_STYLE = Automatic;
				DEVELOPMENT_TEAM = 8VP7C93QX7;
				INFOPLIST_FILE = MVC/Info.plist;
				LD_RUNPATH_SEARCH_PATHS = (
					"$(inherited)",
					"@executable_path/Frameworks",
				);
				PRODUCT_BUNDLE_IDENTIFIER = com.fernandobelen.MVC;
				PRODUCT_NAME = "$(TARGET_NAME)";
				SWIFT_VERSION = 5.0;
				TARGETED_DEVICE_FAMILY = "1,2";
			};
			name = Release;
		};
		390907D326E927B30036A4B1 /* Debug */ = {
			isa = XCBuildConfiguration;
			buildSettings = {
				ALWAYS_EMBED_SWIFT_STANDARD_LIBRARIES = YES;
				BUNDLE_LOADER = "$(TEST_HOST)";
				CODE_SIGN_STYLE = Automatic;
				DEVELOPMENT_TEAM = 8VP7C93QX7;
				INFOPLIST_FILE = MVCTests/Info.plist;
				IPHONEOS_DEPLOYMENT_TARGET = 14.5;
				LD_RUNPATH_SEARCH_PATHS = (
					"$(inherited)",
					"@executable_path/Frameworks",
					"@loader_path/Frameworks",
				);
				PRODUCT_BUNDLE_IDENTIFIER = com.fernandobelen.MVCTests;
				PRODUCT_NAME = "$(TARGET_NAME)";
				SWIFT_VERSION = 5.0;
				TARGETED_DEVICE_FAMILY = "1,2";
				TEST_HOST = "$(BUILT_PRODUCTS_DIR)/MVC.app/MVC";
			};
			name = Debug;
		};
		390907D426E927B30036A4B1 /* Release */ = {
			isa = XCBuildConfiguration;
			buildSettings = {
				ALWAYS_EMBED_SWIFT_STANDARD_LIBRARIES = YES;
				BUNDLE_LOADER = "$(TEST_HOST)";
				CODE_SIGN_STYLE = Automatic;
				DEVELOPMENT_TEAM = 8VP7C93QX7;
				INFOPLIST_FILE = MVCTests/Info.plist;
				IPHONEOS_DEPLOYMENT_TARGET = 14.5;
				LD_RUNPATH_SEARCH_PATHS = (
					"$(inherited)",
					"@executable_path/Frameworks",
					"@loader_path/Frameworks",
				);
				PRODUCT_BUNDLE_IDENTIFIER = com.fernandobelen.MVCTests;
				PRODUCT_NAME = "$(TARGET_NAME)";
				SWIFT_VERSION = 5.0;
				TARGETED_DEVICE_FAMILY = "1,2";
				TEST_HOST = "$(BUILT_PRODUCTS_DIR)/MVC.app/MVC";
			};
			name = Release;
		};
		390907D626E927B30036A4B1 /* Debug */ = {
			isa = XCBuildConfiguration;
			buildSettings = {
				ALWAYS_EMBED_SWIFT_STANDARD_LIBRARIES = YES;
				CODE_SIGN_STYLE = Automatic;
				DEVELOPMENT_TEAM = 8VP7C93QX7;
				INFOPLIST_FILE = MVCUITests/Info.plist;
				LD_RUNPATH_SEARCH_PATHS = (
					"$(inherited)",
					"@executable_path/Frameworks",
					"@loader_path/Frameworks",
				);
				PRODUCT_BUNDLE_IDENTIFIER = com.fernandobelen.MVCUITests;
				PRODUCT_NAME = "$(TARGET_NAME)";
				SWIFT_VERSION = 5.0;
				TARGETED_DEVICE_FAMILY = "1,2";
				TEST_TARGET_NAME = MVC;
			};
			name = Debug;
		};
		390907D726E927B30036A4B1 /* Release */ = {
			isa = XCBuildConfiguration;
			buildSettings = {
				ALWAYS_EMBED_SWIFT_STANDARD_LIBRARIES = YES;
				CODE_SIGN_STYLE = Automatic;
				DEVELOPMENT_TEAM = 8VP7C93QX7;
				INFOPLIST_FILE = MVCUITests/Info.plist;
				LD_RUNPATH_SEARCH_PATHS = (
					"$(inherited)",
					"@executable_path/Frameworks",
					"@loader_path/Frameworks",
				);
				PRODUCT_BUNDLE_IDENTIFIER = com.fernandobelen.MVCUITests;
				PRODUCT_NAME = "$(TARGET_NAME)";
				SWIFT_VERSION = 5.0;
				TARGETED_DEVICE_FAMILY = "1,2";
				TEST_TARGET_NAME = MVC;
			};
			name = Release;
		};
/* End XCBuildConfiguration section */

/* Begin XCConfigurationList section */
		390907A026E927B20036A4B1 /* Build configuration list for PBXProject "MVC" */ = {
			isa = XCConfigurationList;
			buildConfigurations = (
				390907CD26E927B30036A4B1 /* Debug */,
				390907CE26E927B30036A4B1 /* Release */,
			);
			defaultConfigurationIsVisible = 0;
			defaultConfigurationName = Release;
		};
		390907CF26E927B30036A4B1 /* Build configuration list for PBXNativeTarget "MVC" */ = {
			isa = XCConfigurationList;
			buildConfigurations = (
				390907D026E927B30036A4B1 /* Debug */,
				390907D126E927B30036A4B1 /* Release */,
			);
			defaultConfigurationIsVisible = 0;
			defaultConfigurationName = Release;
		};
		390907D226E927B30036A4B1 /* Build configuration list for PBXNativeTarget "MVCTests" */ = {
			isa = XCConfigurationList;
			buildConfigurations = (
				390907D326E927B30036A4B1 /* Debug */,
				390907D426E927B30036A4B1 /* Release */,
			);
			defaultConfigurationIsVisible = 0;
			defaultConfigurationName = Release;
		};
		390907D526E927B30036A4B1 /* Build configuration list for PBXNativeTarget "MVCUITests" */ = {
			isa = XCConfigurationList;
			buildConfigurations = (
				390907D626E927B30036A4B1 /* Debug */,
				390907D726E927B30036A4B1 /* Release */,
			);
			defaultConfigurationIsVisible = 0;
			defaultConfigurationName = Release;
		};
/* End XCConfigurationList section */
	};
	rootObject = 3909079D26E927B20036A4B1 /* Project object */;
}
